{
  "object": {
    "pins": [
      {
        "package": "Regex",
        "repositoryURL": "https://github.com/sindresorhus/Regex",
        "state": {
          "branch": null,
          "revision": "bbaeb150734853a5a18af26d3ca050eb11238aa4",
          "version": "0.1.1"
        }
      }
    ]
  },
  "version": 1
}
